
Microsoft Visual Studio Solution File, Format Version 12.00
# Visual Studio Version 16
VisualStudioVersion = 16.0.30413.136
MinimumVisualStudioVersion = 10.0.40219.1
Project("{9A19103F-16F7-4668-BE54-9A1E7A4F7556}") = "SimpleDotNetCoreMVCApp", "SimpleDotNetCoreMVCApp\SimpleDotNetCoreMVCApp.csproj", "{675867B7-8B18-4A73-992D-27360C4D8221}"
EndProject
Global
	GlobalSection(SolutionConfigurationPlatforms) = preSolution
		Debug|Any CPU = Debug|Any CPU
		Release|Any CPU = Release|Any CPU
	EndGlobalSection
	GlobalSection(ProjectConfigurationPlatforms) = postSolution
		{675867B7-8B18-4A73-992D-27360C4D8221}.Debug|Any CPU.ActiveCfg = Debug|Any CPU
		{675867B7-8B18-4A73-992D-27360C4D8221}.Debug|Any CPU.Build.0 = Debug|Any CPU
		{675867B7-8B18-4A73-992D-27360C4D8221}.Release|Any CPU.ActiveCfg = Release|Any CPU
		{675867B7-8B18-4A73-992D-27360C4D8221}.Release|Any CPU.Build.0 = Release|Any CPU
	EndGlobalSection
	GlobalSection(SolutionProperties) = preSolution
		HideSolutionNode = FALSE
	EndGlobalSection
	GlobalSection(ExtensibilityGlobals) = postSolution
		SolutionGuid = {BAD1254E-66D7-4587-B035-7180C61BD825}
	EndGlobalSection
EndGlobal
